// !$*UTF8*$!
{
	archiveVersion = 1;
	classes = {
	};
	objectVersion = 46;
	objects = {

/* Begin PBXBuildFile section */
		368C33AF1B30D0150035864C /* AppDelegate.swift in Sources */ = {isa = PBXBuildFile; fileRef = 368C33AE1B30D0150035864C /* AppDelegate.swift */; };
		368C33B41B30D0150035864C /* Main.storyboard in Resources */ = {isa = PBXBuildFile; fileRef = 368C33B21B30D0150035864C /* Main.storyboard */; };
		368C33B61B30D0150035864C /* Assets.xcassets in Resources */ = {isa = PBXBuildFile; fileRef = 368C33B51B30D0150035864C /* Assets.xcassets */; };
		368C33B91B30D0150035864C /* LaunchScreen.storyboard in Resources */ = {isa = PBXBuildFile; fileRef = 368C33B71B30D0150035864C /* LaunchScreen.storyboard */; };
		368C33C11B30D02A0035864C /* TableListViewController.swift in Sources */ = {isa = PBXBuildFile; fileRef = 368C33C01B30D02A0035864C /* TableListViewController.swift */; };
		368C33C31B30D1620035864C /* Resource.plist in Resources */ = {isa = PBXBuildFile; fileRef = 368C33C21B30D1620035864C /* Resource.plist */; };
		368C33C51B30D3D10035864C /* LocalNotificationSampleViewController.swift in Sources */ = {isa = PBXBuildFile; fileRef = 368C33C41B30D3D10035864C /* LocalNotificationSampleViewController.swift */; };
		368C33CA1B30D4390035864C /* LocalNotificationSampleViewController.storyboard in Resources */ = {isa = PBXBuildFile; fileRef = 368C33C91B30D4390035864C /* LocalNotificationSampleViewController.storyboard */; };
		368C33CC1B30D4A70035864C /* Utility.swift in Sources */ = {isa = PBXBuildFile; fileRef = 368C33CB1B30D4A70035864C /* Utility.swift */; };
		368C33D11B32364A0035864C /* CoreSpotlightViewController.swift in Sources */ = {isa = PBXBuildFile; fileRef = 368C33D01B32364A0035864C /* CoreSpotlightViewController.swift */; };
		368C33D31B3236620035864C /* CoreSpotlightViewController.storyboard in Resources */ = {isa = PBXBuildFile; fileRef = 368C33D21B3236620035864C /* CoreSpotlightViewController.storyboard */; };
		368C33D51B323AEE0035864C /* CoreSpotlight.plist in Resources */ = {isa = PBXBuildFile; fileRef = 368C33D41B323AEE0035864C /* CoreSpotlight.plist */; };
/* End PBXBuildFile section */

/* Begin PBXFileReference section */
		368C33AB1B30D0150035864C /* UIKitSample.app */ = {isa = PBXFileReference; explicitFileType = wrapper.application; includeInIndex = 0; path = UIKitSample.app; sourceTree = BUILT_PRODUCTS_DIR; };
		368C33AE1B30D0150035864C /* AppDelegate.swift */ = {isa = PBXFileReference; lastKnownFileType = sourcecode.swift; name = AppDelegate.swift; path = UIKitSample/AppDelegate.swift; sourceTree = "<group>"; };
		368C33B31B30D0150035864C /* Base */ = {isa = PBXFileReference; lastKnownFileType = file.storyboard; name = Base; path = Base.lproj/Main.storyboard; sourceTree = "<group>"; };
		368C33B51B30D0150035864C /* Assets.xcassets */ = {isa = PBXFileReference; lastKnownFileType = folder.assetcatalog; path = Assets.xcassets; sourceTree = "<group>"; };
		368C33B81B30D0150035864C /* Base */ = {isa = PBXFileReference; lastKnownFileType = file.storyboard; name = Base; path = Base.lproj/LaunchScreen.storyboard; sourceTree = "<group>"; };
		368C33BA1B30D0150035864C /* Info.plist */ = {isa = PBXFileReference; lastKnownFileType = text.plist.xml; path = Info.plist; sourceTree = "<group>"; };
		368C33C01B30D02A0035864C /* TableListViewController.swift */ = {isa = PBXFileReference; fileEncoding = 4; lastKnownFileType = sourcecode.swift; path = TableListViewController.swift; sourceTree = "<group>"; };
		368C33C21B30D1620035864C /* Resource.plist */ = {isa = PBXFileReference; fileEncoding = 4; lastKnownFileType = text.plist.xml; path = Resource.plist; sourceTree = "<group>"; };
		368C33C41B30D3D10035864C /* LocalNotificationSampleViewController.swift */ = {isa = PBXFileReference; fileEncoding = 4; lastKnownFileType = sourcecode.swift; path = LocalNotificationSampleViewController.swift; sourceTree = "<group>"; };
		368C33C91B30D4390035864C /* LocalNotificationSampleViewController.storyboard */ = {isa = PBXFileReference; fileEncoding = 4; lastKnownFileType = file.storyboard; path = LocalNotificationSampleViewController.storyboard; sourceTree = "<group>"; };
		368C33CB1B30D4A70035864C /* Utility.swift */ = {isa = PBXFileReference; fileEncoding = 4; lastKnownFileType = sourcecode.swift; path = Utility.swift; sourceTree = "<group>"; };
		368C33D01B32364A0035864C /* CoreSpotlightViewController.swift */ = {isa = PBXFileReference; fileEncoding = 4; lastKnownFileType = sourcecode.swift; path = CoreSpotlightViewController.swift; sourceTree = "<group>"; };
		368C33D21B3236620035864C /* CoreSpotlightViewController.storyboard */ = {isa = PBXFileReference; fileEncoding = 4; lastKnownFileType = file.storyboard; path = CoreSpotlightViewController.storyboard; sourceTree = "<group>"; };
		368C33D41B323AEE0035864C /* CoreSpotlight.plist */ = {isa = PBXFileReference; fileEncoding = 4; lastKnownFileType = text.plist.xml; path = CoreSpotlight.plist; sourceTree = "<group>"; };
/* End PBXFileReference section */

/* Begin PBXFrameworksBuildPhase section */
		368C33A81B30D0150035864C /* Frameworks */ = {
			isa = PBXFrameworksBuildPhase;
			buildActionMask = 2147483647;
			files = (
			);
			runOnlyForDeploymentPostprocessing = 0;
		};
/* End PBXFrameworksBuildPhase section */

/* Begin PBXGroup section */
		368C33A21B30D0150035864C = {
			isa = PBXGroup;
			children = (
				368C33C81B30D4060035864C /* Group */,
				368C33AC1B30D0150035864C /* Products */,
			);
			sourceTree = "<group>";
		};
		368C33AC1B30D0150035864C /* Products */ = {
			isa = PBXGroup;
			children = (
				368C33AB1B30D0150035864C /* UIKitSample.app */,
			);
			name = Products;
			sourceTree = "<group>";
		};
		368C33AD1B30D0150035864C /* Resouces */ = {
			isa = PBXGroup;
			children = (
				368C33B51B30D0150035864C /* Assets.xcassets */,
				368C33B71B30D0150035864C /* LaunchScreen.storyboard */,
				368C33D41B323AEE0035864C /* CoreSpotlight.plist */,
				368C33C21B30D1620035864C /* Resource.plist */,
				368C33BA1B30D0150035864C /* Info.plist */,
			);
			name = Resouces;
			path = UIKitSample;
			sourceTree = "<group>";
		};
		368C33C61B30D3DC0035864C /* LocalNotificationSample */ = {
			isa = PBXGroup;
			children = (
				368C33C41B30D3D10035864C /* LocalNotificationSampleViewController.swift */,
				368C33C91B30D4390035864C /* LocalNotificationSampleViewController.storyboard */,
			);
			name = LocalNotificationSample;
			path = UIKitSample;
			sourceTree = "<group>";
		};
		368C33C71B30D3EA0035864C /* List */ = {
			isa = PBXGroup;
			children = (
				368C33C01B30D02A0035864C /* TableListViewController.swift */,
				368C33B21B30D0150035864C /* Main.storyboard */,
			);
			name = List;
			path = UIKitSample;
			sourceTree = "<group>";
		};
		368C33C81B30D4060035864C /* Group */ = {
			isa = PBXGroup;
			children = (
				368C33AE1B30D0150035864C /* AppDelegate.swift */,
				368C33CB1B30D4A70035864C /* Utility.swift */,
				368C33C71B30D3EA0035864C /* List */,
				368C33C61B30D3DC0035864C /* LocalNotificationSample */,
				368C33CD1B3179CD0035864C /* Core Spotlight */,
				368C33AD1B30D0150035864C /* Resouces */,
			);
			name = Group;
			sourceTree = "<group>";
		};
		368C33CD1B3179CD0035864C /* Core Spotlight */ = {
			isa = PBXGroup;
			children = (
				368C33D01B32364A0035864C /* CoreSpotlightViewController.swift */,
				368C33D21B3236620035864C /* CoreSpotlightViewController.storyboard */,
			);
			name = "Core Spotlight";
			sourceTree = "<group>";
		};
/* End PBXGroup section */

/* Begin PBXNativeTarget section */
		368C33AA1B30D0150035864C /* UIKitSample */ = {
			isa = PBXNativeTarget;
			buildConfigurationList = 368C33BD1B30D0150035864C /* Build configuration list for PBXNativeTarget "UIKitSample" */;
			buildPhases = (
				368C33A71B30D0150035864C /* Sources */,
				368C33A81B30D0150035864C /* Frameworks */,
				368C33A91B30D0150035864C /* Resources */,
			);
			buildRules = (
			);
			dependencies = (
			);
			name = UIKitSample;
			productName = UIKitSample;
			productReference = 368C33AB1B30D0150035864C /* UIKitSample.app */;
			productType = "com.apple.product-type.application";
		};
/* End PBXNativeTarget section */

/* Begin PBXProject section */
		368C33A31B30D0150035864C /* Project object */ = {
			isa = PBXProject;
			attributes = {
				LastUpgradeCheck = 0700;
				ORGANIZATIONNAME = MotokiNarita;
				TargetAttributes = {
					368C33AA1B30D0150035864C = {
						CreatedOnToolsVersion = 7.0;
					};
				};
			};
			buildConfigurationList = 368C33A61B30D0150035864C /* Build configuration list for PBXProject "UIKitSample" */;
			compatibilityVersion = "Xcode 3.2";
			developmentRegion = English;
			hasScannedForEncodings = 0;
			knownRegions = (
				en,
				Base,
			);
			mainGroup = 368C33A21B30D0150035864C;
			productRefGroup = 368C33AC1B30D0150035864C /* Products */;
			projectDirPath = "";
			projectRoot = "";
			targets = (
				368C33AA1B30D0150035864C /* UIKitSample */,
			);
		};
/* End PBXProject section */

/* Begin PBXResourcesBuildPhase section */
		368C33A91B30D0150035864C /* Resources */ = {
			isa = PBXResourcesBuildPhase;
			buildActionMask = 2147483647;
			files = (
				368C33C31B30D1620035864C /* Resource.plist in Resources */,
				368C33D31B3236620035864C /* CoreSpotlightViewController.storyboard in Resources */,
				368C33B91B30D0150035864C /* LaunchScreen.storyboard in Resources */,
				368C33B61B30D0150035864C /* Assets.xcassets in Resources */,
				368C33CA1B30D4390035864C /* LocalNotificationSampleViewController.storyboard in Resources */,
				368C33B41B30D0150035864C /* Main.storyboard in Resources */,
				368C33D51B323AEE0035864C /* CoreSpotlight.plist in Resources */,
			);
			runOnlyForDeploymentPostprocessing = 0;
		};
/* End PBXResourcesBuildPhase section */

/* Begin PBXSourcesBuildPhase section */
		368C33A71B30D0150035864C /* Sources */ = {
			isa = PBXSourcesBuildPhase;
			buildActionMask = 2147483647;
			files = (
				368C33CC1B30D4A70035864C /* Utility.swift in Sources */,
				368C33C11B30D02A0035864C /* TableListViewController.swift in Sources */,
				368C33C51B30D3D10035864C /* LocalNotificationSampleViewController.swift in Sources */,
				368C33D11B32364A0035864C /* CoreSpotlightViewController.swift in Sources */,
				368C33AF1B30D0150035864C /* AppDelegate.swift in Sources */,
			);
			runOnlyForDeploymentPostprocessing = 0;
		};
/* End PBXSourcesBuildPhase section */

/* Begin PBXVariantGroup section */
		368C33B21B30D0150035864C /* Main.storyboard */ = {
			isa = PBXVariantGroup;
			children = (
				368C33B31B30D0150035864C /* Base */,
			);
			name = Main.storyboard;
			sourceTree = "<group>";
		};
		368C33B71B30D0150035864C /* LaunchScreen.storyboard */ = {
			isa = PBXVariantGroup;
			children = (
				368C33B81B30D0150035864C /* Base */,
			);
			name = LaunchScreen.storyboard;
			sourceTree = "<group>";
		};
/* End PBXVariantGroup section */

/* Begin XCBuildConfiguration section */
		368C33BB1B30D0150035864C /* Debug */ = {
			isa = XCBuildConfiguration;
			buildSettings = {
				ALWAYS_SEARCH_USER_PATHS = NO;
				CLANG_CXX_LANGUAGE_STANDARD = "gnu++0x";
				CLANG_CXX_LIBRARY = "libc++";
				CLANG_ENABLE_MODULES = YES;
				CLANG_ENABLE_OBJC_ARC = YES;
				CLANG_WARN_BOOL_CONVERSION = YES;
				CLANG_WARN_CONSTANT_CONVERSION = YES;
				CLANG_WARN_DIRECT_OBJC_ISA_USAGE = YES_ERROR;
				CLANG_WARN_EMPTY_BODY = YES;
				CLANG_WARN_ENUM_CONVERSION = YES;
				CLANG_WARN_INT_CONVERSION = YES;
				CLANG_WARN_OBJC_ROOT_CLASS = YES_ERROR;
				CLANG_WARN_UNREACHABLE_CODE = YES;
				CLANG_WARN__DUPLICATE_METHOD_MATCH = YES;
				"CODE_SIGN_IDENTITY[sdk=iphoneos*]" = "iPhone Developer";
				COPY_PHASE_STRIP = NO;
				DEBUG_INFORMATION_FORMAT = dwarf;
				ENABLE_STRICT_OBJC_MSGSEND = YES;
				ENABLE_TESTABILITY = YES;
				GCC_C_LANGUAGE_STANDARD = gnu99;
				GCC_DYNAMIC_NO_PIC = NO;
				GCC_NO_COMMON_BLOCKS = YES;
				GCC_OPTIMIZATION_LEVEL = 0;
				GCC_PREPROCESSOR_DEFINITIONS = (
					"DEBUG=1",
					"$(inherited)",
				);
				GCC_WARN_64_TO_32_BIT_CONVERSION = YES;
				GCC_WARN_ABOUT_RETURN_TYPE = YES_ERROR;
				GCC_WARN_UNDECLARED_SELECTOR = YES;
				GCC_WARN_UNINITIALIZED_AUTOS = YES_AGGRESSIVE;
				GCC_WARN_UNUSED_FUNCTION = YES;
				GCC_WARN_UNUSED_VARIABLE = YES;
				IPHONEOS_DEPLOYMENT_TARGET = 9.0;
				MTL_ENABLE_DEBUG_INFO = YES;
				ONLY_ACTIVE_ARCH = YES;
				SDKROOT = iphoneos;
				SWIFT_OPTIMIZATION_LEVEL = "-Onone";
			};
			name = Debug;
		};
		368C33BC1B30D0150035864C /* Release */ = {
			isa = XCBuildConfiguration;
			buildSettings = {
				ALWAYS_SEARCH_USER_PATHS = NO;
				CLANG_CXX_LANGUAGE_STANDARD = "gnu++0x";
				CLANG_CXX_LIBRARY = "libc++";
				CLANG_ENABLE_MODULES = YES;
				CLANG_ENABLE_OBJC_ARC = YES;
				CLANG_WARN_BOOL_CONVERSION = YES;
				CLANG_WARN_CONSTANT_CONVERSION = YES;
				CLANG_WARN_DIRECT_OBJC_ISA_USAGE = YES_ERROR;
				CLANG_WARN_EMPTY_BODY = YES;
				CLANG_WARN_ENUM_CONVERSION = YES;
				CLANG_WARN_INT_CONVERSION = YES;
				CLANG_WARN_OBJC_ROOT_CLASS = YES_ERROR;
				CLANG_WARN_UNREACHABLE_CODE = YES;
				CLANG_WARN__DUPLICATE_METHOD_MATCH = YES;
				"CODE_SIGN_IDENTITY[sdk=iphoneos*]" = "iPhone Developer";
				COPY_PHASE_STRIP = NO;
				DEBUG_INFORMATION_FORMAT = "dwarf-with-dsym";
				ENABLE_NS_ASSERTIONS = NO;
				ENABLE_STRICT_OBJC_MSGSEND = YES;
				GCC_C_LANGUAGE_STANDARD = gnu99;
				GCC_NO_COMMON_BLOCKS = YES;
				GCC_WARN_64_TO_32_BIT_CONVERSION = YES;
				GCC_WARN_ABOUT_RETURN_TYPE = YES_ERROR;
				GCC_WARN_UNDECLARED_SELECTOR = YES;
				GCC_WARN_UNINITIALIZED_AUTOS = YES_AGGRESSIVE;
				GCC_WARN_UNUSED_FUNCTION = YES;
				GCC_WARN_UNUSED_VARIABLE = YES;
				IPHONEOS_DEPLOYMENT_TARGET = 9.0;
				MTL_ENABLE_DEBUG_INFO = NO;
				SDKROOT = iphoneos;
				VALIDATE_PRODUCT = YES;
			};
			name = Release;
		};
		368C33BE1B30D0150035864C /* Debug */ = {
			isa = XCBuildConfiguration;
			buildSettings = {
				ASSETCATALOG_COMPILER_APPICON_NAME = AppIcon;
				INFOPLIST_FILE = UIKitSample/Info.plist;
				LD_RUNPATH_SEARCH_PATHS = "$(inherited) @executable_path/Frameworks";
				PRODUCT_BUNDLE_IDENTIFIER = com.wearable44.UIKitSample;
				PRODUCT_NAME = "$(TARGET_NAME)";
			};
			name = Debug;
		};
		368C33BF1B30D0150035864C /* Release */ = {
			isa = XCBuildConfiguration;
			buildSettings = {
				ASSETCATALOG_COMPILER_APPICON_NAME = AppIcon;
				INFOPLIST_FILE = UIKitSample/Info.plist;
				LD_RUNPATH_SEARCH_PATHS = "$(inherited) @executable_path/Frameworks";
				PRODUCT_BUNDLE_IDENTIFIER = com.wearable44.UIKitSample;
				PRODUCT_NAME = "$(TARGET_NAME)";
			};
			name = Release;
		};
/* End XCBuildConfiguration section */

/* Begin XCConfigurationList section */
		368C33A61B30D0150035864C /* Build configuration list for PBXProject "UIKitSample" */ = {
			isa = XCConfigurationList;
			buildConfigurations = (
				368C33BB1B30D0150035864C /* Debug */,
				368C33BC1B30D0150035864C /* Release */,
			);
			defaultConfigurationIsVisible = 0;
			defaultConfigurationName = Release;
		};
		368C33BD1B30D0150035864C /* Build configuration list for PBXNativeTarget "UIKitSample" */ = {
			isa = XCConfigurationList;
			buildConfigurations = (
				368C33BE1B30D0150035864C /* Debug */,
				368C33BF1B30D0150035864C /* Release */,
			);
			defaultConfigurationIsVisible = 0;
		};
/* End XCConfigurationList section */
	};
	rootObject = 368C33A31B30D0150035864C /* Project object */;
}
